
Microsoft Visual Studio Solution File, Format Version 12.00
# Visual Studio Version 17
VisualStudioVersion = 17.1.32113.165
MinimumVisualStudioVersion = 10.0.40219.1
Project("{FAE04EC0-301F-11D3-BF4B-00C04F79EFBC}") = "Jwt_Authentication", "Jwt_Authentication.csproj", "{518BA569-01F0-48C7-A624-0E8C4ABC6CEB}"
EndProject
Global
	GlobalSection(SolutionConfigurationPlatforms) = preSolution
		Debug|Any CPU = Debug|Any CPU
		Release|Any CPU = Release|Any CPU
	EndGlobalSection
	GlobalSection(ProjectConfigurationPlatforms) = postSolution
		{518BA569-01F0-48C7-A624-0E8C4ABC6CEB}.Debug|Any CPU.ActiveCfg = Debug|Any CPU
		{518BA569-01F0-48C7-A624-0E8C4ABC6CEB}.Debug|Any CPU.Build.0 = Debug|Any CPU
		{518BA569-01F0-48C7-A624-0E8C4ABC6CEB}.Release|Any CPU.ActiveCfg = Release|Any CPU
		{518BA569-01F0-48C7-A624-0E8C4ABC6CEB}.Release|Any CPU.Build.0 = Release|Any CPU
	EndGlobalSection
	GlobalSection(SolutionProperties) = preSolution
		HideSolutionNode = FALSE
	EndGlobalSection
	GlobalSection(ExtensibilityGlobals) = postSolution
		SolutionGuid = {2884488A-CA34-415F-ADB0-0501BFF1DD9F}
	EndGlobalSection
EndGlobal
